
Microsoft Visual Studio Solution File, Format Version 12.00
# Visual Studio Version 17
VisualStudioVersion = 17.0.31903.59
MinimumVisualStudioVersion = 10.0.40219.1
Project("{2150E333-8FDC-42A3-9474-1A3956D46DE8}") = "Microservices", "Microservices", "{AFB2A02D-5C3D-455E-8F72-FA642C12C510}"
EndProject
Project("{2150E333-8FDC-42A3-9474-1A3956D46DE8}") = "Cataog", "Cataog", "{D161D87C-EFB4-41C7-AC3C-340D7B85E890}"
EndProject
Project("{9A19103F-16F7-4668-BE54-9A1E7A4F7556}") = "Catalog.API", "Catalog.API\Catalog.API.csproj", "{93229FE5-B41D-48A8-834C-A2D230919686}"
EndProject
Project("{9A19103F-16F7-4668-BE54-9A1E7A4F7556}") = "Catalog.API.Contract", "Catalog.API.Contract\Catalog.API.Contract.csproj", "{0D8030CB-643B-4595-9D06-ACC9E4F49A5A}"
EndProject
Project("{2150E333-8FDC-42A3-9474-1A3956D46DE8}") = "BuildingBlocks", "BuildingBlocks", "{789B9445-D919-4D77-931F-005178943D4D}"
EndProject
Project("{9A19103F-16F7-4668-BE54-9A1E7A4F7556}") = "BuildingBlock", "BuildingBlock\BuildingBlock.csproj", "{C6C543A0-8A68-4F00-AFA1-A0926C443682}"
EndProject
Project("{E53339B2-1760-4266-BCC7-CA923CBCF16C}") = "docker-compose", "docker-compose.dcproj", "{56FE464C-6229-4718-9889-838A181BA48C}"
EndProject
Project("{2150E333-8FDC-42A3-9474-1A3956D46DE8}") = "Basket", "Basket", "{6B65CD31-AD3B-4E16-B838-078955CBD7AF}"
EndProject
Project("{9A19103F-16F7-4668-BE54-9A1E7A4F7556}") = "Basket.API", "Microservices\Basket\Basket.API\Basket.API.csproj", "{E3D475ED-5A96-4748-BD6F-D2CF63F9634B}"
EndProject
Project("{2150E333-8FDC-42A3-9474-1A3956D46DE8}") = "Discount", "Discount", "{D2D5B90E-B8E0-48BB-AF19-68A13864BB11}"
EndProject
Project("{9A19103F-16F7-4668-BE54-9A1E7A4F7556}") = "Discount.Grpc", "Microservices\Discount\Discount.Grpc\Discount.Grpc.csproj", "{9F5586A2-FCF3-46BB-B1D6-F6C667380767}"
EndProject
Project("{2150E333-8FDC-42A3-9474-1A3956D46DE8}") = "Ordering", "Ordering", "{EB6F6AD7-82F7-4A62-93DA-5EDC15D47053}"
EndProject
Project("{FAE04EC0-301F-11D3-BF4B-00C04F79EFBC}") = "Ordering.API", "Microservices\Ordering\Ordering.API\Ordering.API.csproj", "{A8ED9790-D18F-423F-8FD6-0FF4E479643D}"
EndProject
Project("{FAE04EC0-301F-11D3-BF4B-00C04F79EFBC}") = "Ordering.Application", "Microservices\Ordering\Ordering.Application\Ordering.Application.csproj", "{79430EE0-0D3F-4B17-B5DE-941145F2E18F}"
EndProject
Project("{FAE04EC0-301F-11D3-BF4B-00C04F79EFBC}") = "Ordering.Domain", "Microservices\Ordering\Ordering.Domain\Ordering.Domain.csproj", "{CF4C3752-E842-4094-BA93-00E7302913F4}"
EndProject
Project("{FAE04EC0-301F-11D3-BF4B-00C04F79EFBC}") = "Ordering.Infrastructure", "Microservices\Ordering\Ordering.Infrastructure\Ordering.Infrastructure.csproj", "{0DD0B8CC-F34C-4F6A-B5A7-DAB0E93C79CF}"
EndProject
Global
	GlobalSection(SolutionConfigurationPlatforms) = preSolution
		Debug|Any CPU = Debug|Any CPU
		Release|Any CPU = Release|Any CPU
	EndGlobalSection
	GlobalSection(ProjectConfigurationPlatforms) = postSolution
		{93229FE5-B41D-48A8-834C-A2D230919686}.Debug|Any CPU.ActiveCfg = Debug|Any CPU
		{93229FE5-B41D-48A8-834C-A2D230919686}.Debug|Any CPU.Build.0 = Debug|Any CPU
		{93229FE5-B41D-48A8-834C-A2D230919686}.Release|Any CPU.ActiveCfg = Release|Any CPU
		{93229FE5-B41D-48A8-834C-A2D230919686}.Release|Any CPU.Build.0 = Release|Any CPU
		{0D8030CB-643B-4595-9D06-ACC9E4F49A5A}.Debug|Any CPU.ActiveCfg = Debug|Any CPU
		{0D8030CB-643B-4595-9D06-ACC9E4F49A5A}.Debug|Any CPU.Build.0 = Debug|Any CPU
		{0D8030CB-643B-4595-9D06-ACC9E4F49A5A}.Release|Any CPU.ActiveCfg = Release|Any CPU
		{0D8030CB-643B-4595-9D06-ACC9E4F49A5A}.Release|Any CPU.Build.0 = Release|Any CPU
		{C6C543A0-8A68-4F00-AFA1-A0926C443682}.Debug|Any CPU.ActiveCfg = Debug|Any CPU
		{C6C543A0-8A68-4F00-AFA1-A0926C443682}.Debug|Any CPU.Build.0 = Debug|Any CPU
		{C6C543A0-8A68-4F00-AFA1-A0926C443682}.Release|Any CPU.ActiveCfg = Release|Any CPU
		{C6C543A0-8A68-4F00-AFA1-A0926C443682}.Release|Any CPU.Build.0 = Release|Any CPU
		{56FE464C-6229-4718-9889-838A181BA48C}.Debug|Any CPU.ActiveCfg = Debug|Any CPU
		{56FE464C-6229-4718-9889-838A181BA48C}.Debug|Any CPU.Build.0 = Debug|Any CPU
		{56FE464C-6229-4718-9889-838A181BA48C}.Release|Any CPU.ActiveCfg = Release|Any CPU
		{56FE464C-6229-4718-9889-838A181BA48C}.Release|Any CPU.Build.0 = Release|Any CPU
		{E3D475ED-5A96-4748-BD6F-D2CF63F9634B}.Debug|Any CPU.ActiveCfg = Debug|Any CPU
		{E3D475ED-5A96-4748-BD6F-D2CF63F9634B}.Debug|Any CPU.Build.0 = Debug|Any CPU
		{E3D475ED-5A96-4748-BD6F-D2CF63F9634B}.Release|Any CPU.ActiveCfg = Release|Any CPU
		{E3D475ED-5A96-4748-BD6F-D2CF63F9634B}.Release|Any CPU.Build.0 = Release|Any CPU
		{9F5586A2-FCF3-46BB-B1D6-F6C667380767}.Debug|Any CPU.ActiveCfg = Debug|Any CPU
		{9F5586A2-FCF3-46BB-B1D6-F6C667380767}.Debug|Any CPU.Build.0 = Debug|Any CPU
		{9F5586A2-FCF3-46BB-B1D6-F6C667380767}.Release|Any CPU.ActiveCfg = Release|Any CPU
		{9F5586A2-FCF3-46BB-B1D6-F6C667380767}.Release|Any CPU.Build.0 = Release|Any CPU
		{A8ED9790-D18F-423F-8FD6-0FF4E479643D}.Debug|Any CPU.ActiveCfg = Debug|Any CPU
		{A8ED9790-D18F-423F-8FD6-0FF4E479643D}.Debug|Any CPU.Build.0 = Debug|Any CPU
		{A8ED9790-D18F-423F-8FD6-0FF4E479643D}.Release|Any CPU.ActiveCfg = Release|Any CPU
		{A8ED9790-D18F-423F-8FD6-0FF4E479643D}.Release|Any CPU.Build.0 = Release|Any CPU
		{79430EE0-0D3F-4B17-B5DE-941145F2E18F}.Debug|Any CPU.ActiveCfg = Debug|Any CPU
		{79430EE0-0D3F-4B17-B5DE-941145F2E18F}.Debug|Any CPU.Build.0 = Debug|Any CPU
		{79430EE0-0D3F-4B17-B5DE-941145F2E18F}.Release|Any CPU.ActiveCfg = Release|Any CPU
		{79430EE0-0D3F-4B17-B5DE-941145F2E18F}.Release|Any CPU.Build.0 = Release|Any CPU
		{CF4C3752-E842-4094-BA93-00E7302913F4}.Debug|Any CPU.ActiveCfg = Debug|Any CPU
		{CF4C3752-E842-4094-BA93-00E7302913F4}.Debug|Any CPU.Build.0 = Debug|Any CPU
		{CF4C3752-E842-4094-BA93-00E7302913F4}.Release|Any CPU.ActiveCfg = Release|Any CPU
		{CF4C3752-E842-4094-BA93-00E7302913F4}.Release|Any CPU.Build.0 = Release|Any CPU
		{0DD0B8CC-F34C-4F6A-B5A7-DAB0E93C79CF}.Debug|Any CPU.ActiveCfg = Debug|Any CPU
		{0DD0B8CC-F34C-4F6A-B5A7-DAB0E93C79CF}.Debug|Any CPU.Build.0 = Debug|Any CPU
		{0DD0B8CC-F34C-4F6A-B5A7-DAB0E93C79CF}.Release|Any CPU.ActiveCfg = Release|Any CPU
		{0DD0B8CC-F34C-4F6A-B5A7-DAB0E93C79CF}.Release|Any CPU.Build.0 = Release|Any CPU
	EndGlobalSection
	GlobalSection(SolutionProperties) = preSolution
		HideSolutionNode = FALSE
	EndGlobalSection
	GlobalSection(NestedProjects) = preSolution
		{D161D87C-EFB4-41C7-AC3C-340D7B85E890} = {AFB2A02D-5C3D-455E-8F72-FA642C12C510}
		{93229FE5-B41D-48A8-834C-A2D230919686} = {D161D87C-EFB4-41C7-AC3C-340D7B85E890}
		{0D8030CB-643B-4595-9D06-ACC9E4F49A5A} = {D161D87C-EFB4-41C7-AC3C-340D7B85E890}
		{C6C543A0-8A68-4F00-AFA1-A0926C443682} = {789B9445-D919-4D77-931F-005178943D4D}
		{6B65CD31-AD3B-4E16-B838-078955CBD7AF} = {AFB2A02D-5C3D-455E-8F72-FA642C12C510}
		{E3D475ED-5A96-4748-BD6F-D2CF63F9634B} = {6B65CD31-AD3B-4E16-B838-078955CBD7AF}
		{D2D5B90E-B8E0-48BB-AF19-68A13864BB11} = {AFB2A02D-5C3D-455E-8F72-FA642C12C510}
		{9F5586A2-FCF3-46BB-B1D6-F6C667380767} = {D2D5B90E-B8E0-48BB-AF19-68A13864BB11}
		{EB6F6AD7-82F7-4A62-93DA-5EDC15D47053} = {AFB2A02D-5C3D-455E-8F72-FA642C12C510}
		{A8ED9790-D18F-423F-8FD6-0FF4E479643D} = {EB6F6AD7-82F7-4A62-93DA-5EDC15D47053}
		{79430EE0-0D3F-4B17-B5DE-941145F2E18F} = {EB6F6AD7-82F7-4A62-93DA-5EDC15D47053}
		{CF4C3752-E842-4094-BA93-00E7302913F4} = {EB6F6AD7-82F7-4A62-93DA-5EDC15D47053}
		{0DD0B8CC-F34C-4F6A-B5A7-DAB0E93C79CF} = {EB6F6AD7-82F7-4A62-93DA-5EDC15D47053}
	EndGlobalSection
	GlobalSection(ExtensibilityGlobals) = postSolution
		SolutionGuid = {7B7FB65D-1609-4A01-9248-B44893762C61}
	EndGlobalSection
EndGlobal
